[[package]]
category = "main"
description = "Easy SQL in Python"
name = "anosql"
optional = false
python-versions = "*"
version = "1.0.1"

[[package]]
category = "main"
description = "Universal feed parser, handles RSS 0.9x, RSS 1.0, RSS 2.0, CDF, Atom 0.3, and Atom 1.0 feeds"
name = "feedparser"
optional = false
python-versions = "*"
version = "5.2.1"

[metadata]
content-hash = "8b4f53fe61fffeeb23a558a8e77ee4cd78a7aa1176823f3599a6efb8d2b5722d"
python-versions = "^3.7"

[metadata.hashes]
anosql = ["3d615c8c4a9a8b3cc392965ee56d66e709c21821f4950c88c226193aed32f29a"]
feedparser = ["bd030652c2d08532c034c27fcd7c85868e7fa3cb2b17f230a44a6bbc92519bf9", "cd2485472e41471632ed3029d44033ee420ad0b57111db95c240c9160a85831c", "ce875495c90ebd74b179855449040003a1beb40cd13d5f037a0654251e260b02"]
