[[package]]
category = "main"
description = "Easy SQL in Python"
name = "anosql"
optional = false
python-versions = "*"
version = "1.0.2"

[[package]]
category = "main"
description = "Screen-scraping library"
name = "beautifulsoup4"
optional = false
python-versions = "*"
version = "4.8.2"

[package.dependencies]
soupsieve = ">=1.2"

[[package]]
category = "main"
description = "Universal feed parser, handles RSS 0.9x, RSS 1.0, RSS 2.0, CDF, Atom 0.3, and Atom 1.0 feeds"
name = "feedparser"
optional = false
python-versions = "*"
version = "5.2.1"

[[package]]
category = "main"
description = "A modern CSS selector implementation for Beautiful Soup."
name = "soupsieve"
optional = false
python-versions = "*"
version = "1.9.5"

[metadata]
content-hash = "10ba1647bd0769da12569b82327a50e7a49bde12185673fe1a0f5d5ad41351f1"
python-versions = "^3.7"

[metadata.hashes]
anosql = ["ad009427db735cd7d86e76b596a839a736a5d8531897976ec2606cbbca551ec8"]
beautifulsoup4 = ["05fd825eb01c290877657a56df4c6e4c311b3965bda790c613a3d6fb01a5462a", "9fbb4d6e48ecd30bcacc5b63b94088192dcda178513b2ae3c394229f8911b887", "e1505eeed31b0f4ce2dbb3bc8eb256c04cc2b3b72af7d551a4ab6efd5cbe5dae"]
feedparser = ["bd030652c2d08532c034c27fcd7c85868e7fa3cb2b17f230a44a6bbc92519bf9", "cd2485472e41471632ed3029d44033ee420ad0b57111db95c240c9160a85831c", "ce875495c90ebd74b179855449040003a1beb40cd13d5f037a0654251e260b02"]
soupsieve = ["bdb0d917b03a1369ce964056fc195cfdff8819c40de04695a80bc813c3cfa1f5", "e2c1c5dee4a1c36bcb790e0fabd5492d874b8ebd4617622c4f6a731701060dda"]
